
Microsoft Visual Studio Solution File, Format Version 12.00
# Visual Studio 15
VisualStudioVersion = 15.0.28307.645
MinimumVisualStudioVersion = 10.0.40219.1
Project("{FAE04EC0-301F-11D3-BF4B-00C04F79EFBC}") = "VIESCheckerLibrary", "VIESCheckerLibrary\VIESCheckerLibrary.csproj", "{F19B2996-F887-4B31-BC71-9D058C40B844}"
EndProject
Project("{FAE04EC0-301F-11D3-BF4B-00C04F79EFBC}") = "VIESCheckerTest", "VIESCheckerTest\VIESCheckerTest.csproj", "{AF6A240A-C5D4-47C8-857D-D52296EA2375}"
EndProject
Global
	GlobalSection(SolutionConfigurationPlatforms) = preSolution
		Debug|Any CPU = Debug|Any CPU
		Release|Any CPU = Release|Any CPU
	EndGlobalSection
	GlobalSection(ProjectConfigurationPlatforms) = postSolution
		{F19B2996-F887-4B31-BC71-9D058C40B844}.Debug|Any CPU.ActiveCfg = Debug|Any CPU
		{F19B2996-F887-4B31-BC71-9D058C40B844}.Debug|Any CPU.Build.0 = Debug|Any CPU
		{F19B2996-F887-4B31-BC71-9D058C40B844}.Release|Any CPU.ActiveCfg = Release|Any CPU
		{F19B2996-F887-4B31-BC71-9D058C40B844}.Release|Any CPU.Build.0 = Release|Any CPU
		{AF6A240A-C5D4-47C8-857D-D52296EA2375}.Debug|Any CPU.ActiveCfg = Debug|Any CPU
		{AF6A240A-C5D4-47C8-857D-D52296EA2375}.Debug|Any CPU.Build.0 = Debug|Any CPU
		{AF6A240A-C5D4-47C8-857D-D52296EA2375}.Release|Any CPU.ActiveCfg = Release|Any CPU
		{AF6A240A-C5D4-47C8-857D-D52296EA2375}.Release|Any CPU.Build.0 = Release|Any CPU
	EndGlobalSection
	GlobalSection(SolutionProperties) = preSolution
		HideSolutionNode = FALSE
	EndGlobalSection
	GlobalSection(ExtensibilityGlobals) = postSolution
		SolutionGuid = {8AF6054E-5751-4D46-9549-32E323826E04}
	EndGlobalSection
EndGlobal
